{
  "nodes": {
    "anemone": {
      "flake": false,
      "locked": {
        "lastModified": 1787795794,
        "narHash": "sha256-PjluJK5TJ6A5MPhrStJO24kknPeMACFRWJl1alBnogU=",
        "owner": "PinkNoize",
        "repo": "anemone",
        "rev": "8c1bae458ae24ac5fe0ff14706a463b51bf429e5",
        "type": "github"
      },
      "original": {
        "owner": "PinkNoize",
        "repo": "anemone",
        "rev": "8c1bae458ae24ac5fe0ff14706a463b51bf429e5",
        "type": "github"
      }
    },
    "flake-parts": {
      "inputs": {
        "nixpkgs-lib": [
          "nixpkgs"
        ]
      },
      "locked": {
        "lastModified": 1768135262,
        "narHash": "sha256-PVvu7OqHBGWN16zSi6tEmPwwHQ4rLPU9Plvs8/1TUBY=",
        "owner": "hercules-ci",
        "repo": "flake-parts",
        "rev": "80daad04eddbbf5a4d883996a73f3f542fa437ac",
        "type": "github"
      },
      "original": {
        "owner": "hercules-ci",
        "repo": "flake-parts",
        "type": "github"
      }
    },
    "nixpkgs": {
      "locked": {
        "lastModified": 1789006805,
        "narHash": "sha256-xB8mKMOx1IA9vTDNLmJZ6n4wCMq/cuWBBOzGCRnqxrU=",
        "owner": "NixOS",
        "repo": "nixpkgs",
        "rev": "8ce4ef6cb6f871616146b9fe26d2a5ae594e94fe",
        "type": "github"
      },
      "original": {
        "owner": "NixOS",
        "ref": "nixos-unstable",
        "repo": "nixpkgs",
        "type": "github"
      }
    },
    "root": {
      "inputs": {
        "anemone": "anemone",
        "flake-parts": "flake-parts",
        "nixpkgs": "nixpkgs"
      }
    }
  },
  "root": "root",
  "version": 7
}
